// !$*UTF8*$!
{
	archiveVersion = 1;
	classes = {
	};
	objectVersion = 46;
	objects = {

/* Begin PBXBuildFile section */
		1C6DE7451B43647C004094AE /* main.m in Sources */ = {isa = PBXBuildFile; fileRef = 1C6DE7441B43647C004094AE /* main.m */; };
		1C6DE7481B43647C004094AE /* AppDelegate.m in Sources */ = {isa = PBXBuildFile; fileRef = 1C6DE7471B43647C004094AE /* AppDelegate.m */; };
		1C6DE74B1B43647C004094AE /* ViewController.m in Sources */ = {isa = PBXBuildFile; fileRef = 1C6DE74A1B43647C004094AE /* ViewController.m */; };
		1C6DE74E1B43647C004094AE /* Main.storyboard in Resources */ = {isa = PBXBuildFile; fileRef = 1C6DE74C1B43647C004094AE /* Main.storyboard */; };
		1C6DE7501B43647C004094AE /* Images.xcassets in Resources */ = {isa = PBXBuildFile; fileRef = 1C6DE74F1B43647C004094AE /* Images.xcassets */; };
		1C6DE7531B43647C004094AE /* LaunchScreen.xib in Resources */ = {isa = PBXBuildFile; fileRef = 1C6DE7511B43647C004094AE /* LaunchScreen.xib */; };
		1C6DE75F1B43647C004094AE /* ParseBoilerPlateLoginTests.m in Sources */ = {isa = PBXBuildFile; fileRef = 1C6DE75E1B43647C004094AE /* ParseBoilerPlateLoginTests.m */; };
/* End PBXBuildFile section */

/* Begin PBXContainerItemProxy section */
		1C6DE7591B43647C004094AE /* PBXContainerItemProxy */ = {
			isa = PBXContainerItemProxy;
			containerPortal = 1C6DE7371B43647B004094AE /* Project object */;
			proxyType = 1;
			remoteGlobalIDString = 1C6DE73E1B43647B004094AE;
			remoteInfo = ParseBoilerPlateLogin;
		};
/* End PBXContainerItemProxy section */

/* Begin PBXFileReference section */
		1C6DE73F1B43647B004094AE /* ParseBoilerPlateLogin.app */ = {isa = PBXFileReference; explicitFileType = wrapper.application; includeInIndex = 0; path = ParseBoilerPlateLogin.app; sourceTree = BUILT_PRODUCTS_DIR; };
		1C6DE7431B43647C004094AE /* Info.plist */ = {isa = PBXFileReference; lastKnownFileType = text.plist.xml; path = Info.plist; sourceTree = "<group>"; };
		1C6DE7441B43647C004094AE /* main.m */ = {isa = PBXFileReference; lastKnownFileType = sourcecode.c.objc; path = main.m; sourceTree = "<group>"; };
		1C6DE7461B43647C004094AE /* AppDelegate.h */ = {isa = PBXFileReference; lastKnownFileType = sourcecode.c.h; path = AppDelegate.h; sourceTree = "<group>"; };
		1C6DE7471B43647C004094AE /* AppDelegate.m */ = {isa = PBXFileReference; lastKnownFileType = sourcecode.c.objc; path = AppDelegate.m; sourceTree = "<group>"; };
		1C6DE7491B43647C004094AE /* ViewController.h */ = {isa = PBXFileReference; lastKnownFileType = sourcecode.c.h; path = ViewController.h; sourceTree = "<group>"; };
		1C6DE74A1B43647C004094AE /* ViewController.m */ = {isa = PBXFileReference; lastKnownFileType = sourcecode.c.objc; path = ViewController.m; sourceTree = "<group>"; };
		1C6DE74D1B43647C004094AE /* Base */ = {isa = PBXFileReference; lastKnownFileType = file.storyboard; name = Base; path = Base.lproj/Main.storyboard; sourceTree = "<group>"; };
		1C6DE74F1B43647C004094AE /* Images.xcassets */ = {isa = PBXFileReference; lastKnownFileType = folder.assetcatalog; path = Images.xcassets; sourceTree = "<group>"; };
		1C6DE7521B43647C004094AE /* Base */ = {isa = PBXFileReference; lastKnownFileType = file.xib; name = Base; path = Base.lproj/LaunchScreen.xib; sourceTree = "<group>"; };
		1C6DE7581B43647C004094AE /* ParseBoilerPlateLoginTests.xctest */ = {isa = PBXFileReference; explicitFileType = wrapper.cfbundle; includeInIndex = 0; path = ParseBoilerPlateLoginTests.xctest; sourceTree = BUILT_PRODUCTS_DIR; };
		1C6DE75D1B43647C004094AE /* Info.plist */ = {isa = PBXFileReference; lastKnownFileType = text.plist.xml; path = Info.plist; sourceTree = "<group>"; };
		1C6DE75E1B43647C004094AE /* ParseBoilerPlateLoginTests.m */ = {isa = PBXFileReference; lastKnownFileType = sourcecode.c.objc; path = ParseBoilerPlateLoginTests.m; sourceTree = "<group>"; };
/* End PBXFileReference section */

/* Begin PBXFrameworksBuildPhase section */
		1C6DE73C1B43647B004094AE /* Frameworks */ = {
			isa = PBXFrameworksBuildPhase;
			buildActionMask = 2147483647;
			files = (
			);
			runOnlyForDeploymentPostprocessing = 0;
		};
		1C6DE7551B43647C004094AE /* Frameworks */ = {
			isa = PBXFrameworksBuildPhase;
			buildActionMask = 2147483647;
			files = (
			);
			runOnlyForDeploymentPostprocessing = 0;
		};
/* End PBXFrameworksBuildPhase section */

/* Begin PBXGroup section */
		1C6DE7361B43647B004094AE = {
			isa = PBXGroup;
			children = (
				1C6DE7411B43647B004094AE /* ParseBoilerPlateLogin */,
				1C6DE75B1B43647C004094AE /* ParseBoilerPlateLoginTests */,
				1C6DE7401B43647B004094AE /* Products */,
			);
			sourceTree = "<group>";
		};
		1C6DE7401B43647B004094AE /* Products */ = {
			isa = PBXGroup;
			children = (
				1C6DE73F1B43647B004094AE /* ParseBoilerPlateLogin.app */,
				1C6DE7581B43647C004094AE /* ParseBoilerPlateLoginTests.xctest */,
			);
			name = Products;
			sourceTree = "<group>";
		};
		1C6DE7411B43647B004094AE /* ParseBoilerPlateLogin */ = {
			isa = PBXGroup;
			children = (
				1C6DE7461B43647C004094AE /* AppDelegate.h */,
				1C6DE7471B43647C004094AE /* AppDelegate.m */,
				1C6DE7491B43647C004094AE /* ViewController.h */,
				1C6DE74A1B43647C004094AE /* ViewController.m */,
				1C6DE74C1B43647C004094AE /* Main.storyboard */,
				1C6DE74F1B43647C004094AE /* Images.xcassets */,
				1C6DE7511B43647C004094AE /* LaunchScreen.xib */,
				1C6DE7421B43647B004094AE /* Supporting Files */,
			);
			path = ParseBoilerPlateLogin;
			sourceTree = "<group>";
		};
		1C6DE7421B43647B004094AE /* Supporting Files */ = {
			isa = PBXGroup;
			children = (
				1C6DE7431B43647C004094AE /* Info.plist */,
				1C6DE7441B43647C004094AE /* main.m */,
			);
			name = "Supporting Files";
			sourceTree = "<group>";
		};
		1C6DE75B1B43647C004094AE /* ParseBoilerPlateLoginTests */ = {
			isa = PBXGroup;
			children = (
				1C6DE75E1B43647C004094AE /* ParseBoilerPlateLoginTests.m */,
				1C6DE75C1B43647C004094AE /* Supporting Files */,
			);
			path = ParseBoilerPlateLoginTests;
			sourceTree = "<group>";
		};
		1C6DE75C1B43647C004094AE /* Supporting Files */ = {
			isa = PBXGroup;
			children = (
				1C6DE75D1B43647C004094AE /* Info.plist */,
			);
			name = "Supporting Files";
			sourceTree = "<group>";
		};
/* End PBXGroup section */

/* Begin PBXNativeTarget section */
		1C6DE73E1B43647B004094AE /* ParseBoilerPlateLogin */ = {
			isa = PBXNativeTarget;
			buildConfigurationList = 1C6DE7621B43647C004094AE /* Build configuration list for PBXNativeTarget "ParseBoilerPlateLogin" */;
			buildPhases = (
				1C6DE73B1B43647B004094AE /* Sources */,
				1C6DE73C1B43647B004094AE /* Frameworks */,
				1C6DE73D1B43647B004094AE /* Resources */,
			);
			buildRules = (
			);
			dependencies = (
			);
			name = ParseBoilerPlateLogin;
			productName = ParseBoilerPlateLogin;
			productReference = 1C6DE73F1B43647B004094AE /* ParseBoilerPlateLogin.app */;
			productType = "com.apple.product-type.application";
		};
		1C6DE7571B43647C004094AE /* ParseBoilerPlateLoginTests */ = {
			isa = PBXNativeTarget;
			buildConfigurationList = 1C6DE7651B43647C004094AE /* Build configuration list for PBXNativeTarget "ParseBoilerPlateLoginTests" */;
			buildPhases = (
				1C6DE7541B43647C004094AE /* Sources */,
				1C6DE7551B43647C004094AE /* Frameworks */,
				1C6DE7561B43647C004094AE /* Resources */,
			);
			buildRules = (
			);
			dependencies = (
				1C6DE75A1B43647C004094AE /* PBXTargetDependency */,
			);
			name = ParseBoilerPlateLoginTests;
			productName = ParseBoilerPlateLoginTests;
			productReference = 1C6DE7581B43647C004094AE /* ParseBoilerPlateLoginTests.xctest */;
			productType = "com.apple.product-type.bundle.unit-test";
		};
/* End PBXNativeTarget section */

/* Begin PBXProject section */
		1C6DE7371B43647B004094AE /* Project object */ = {
			isa = PBXProject;
			attributes = {
				LastUpgradeCheck = 0630;
				ORGANIZATIONNAME = "Mukul Surajiwale";
				TargetAttributes = {
					1C6DE73E1B43647B004094AE = {
						CreatedOnToolsVersion = 6.3.2;
					};
					1C6DE7571B43647C004094AE = {
						CreatedOnToolsVersion = 6.3.2;
						TestTargetID = 1C6DE73E1B43647B004094AE;
					};
				};
			};
			buildConfigurationList = 1C6DE73A1B43647B004094AE /* Build configuration list for PBXProject "ParseBoilerPlateLogin" */;
			compatibilityVersion = "Xcode 3.2";
			developmentRegion = English;
			hasScannedForEncodings = 0;
			knownRegions = (
				en,
				Base,
			);
			mainGroup = 1C6DE7361B43647B004094AE;
			productRefGroup = 1C6DE7401B43647B004094AE /* Products */;
			projectDirPath = "";
			projectRoot = "";
			targets = (
				1C6DE73E1B43647B004094AE /* ParseBoilerPlateLogin */,
				1C6DE7571B43647C004094AE /* ParseBoilerPlateLoginTests */,
			);
		};
/* End PBXProject section */

/* Begin PBXResourcesBuildPhase section */
		1C6DE73D1B43647B004094AE /* Resources */ = {
			isa = PBXResourcesBuildPhase;
			buildActionMask = 2147483647;
			files = (
				1C6DE74E1B43647C004094AE /* Main.storyboard in Resources */,
				1C6DE7531B43647C004094AE /* LaunchScreen.xib in Resources */,
				1C6DE7501B43647C004094AE /* Images.xcassets in Resources */,
			);
			runOnlyForDeploymentPostprocessing = 0;
		};
		1C6DE7561B43647C004094AE /* Resources */ = {
			isa = PBXResourcesBuildPhase;
			buildActionMask = 2147483647;
			files = (
			);
			runOnlyForDeploymentPostprocessing = 0;
		};
/* End PBXResourcesBuildPhase section */

/* Begin PBXSourcesBuildPhase section */
		1C6DE73B1B43647B004094AE /* Sources */ = {
			isa = PBXSourcesBuildPhase;
			buildActionMask = 2147483647;
			files = (
				1C6DE74B1B43647C004094AE /* ViewController.m in Sources */,
				1C6DE7481B43647C004094AE /* AppDelegate.m in Sources */,
				1C6DE7451B43647C004094AE /* main.m in Sources */,
			);
			runOnlyForDeploymentPostprocessing = 0;
		};
		1C6DE7541B43647C004094AE /* Sources */ = {
			isa = PBXSourcesBuildPhase;
			buildActionMask = 2147483647;
			files = (
				1C6DE75F1B43647C004094AE /* ParseBoilerPlateLoginTests.m in Sources */,
			);
			runOnlyForDeploymentPostprocessing = 0;
		};
/* End PBXSourcesBuildPhase section */

/* Begin PBXTargetDependency section */
		1C6DE75A1B43647C004094AE /* PBXTargetDependency */ = {
			isa = PBXTargetDependency;
			target = 1C6DE73E1B43647B004094AE /* ParseBoilerPlateLogin */;
			targetProxy = 1C6DE7591B43647C004094AE /* PBXContainerItemProxy */;
		};
/* End PBXTargetDependency section */

/* Begin PBXVariantGroup section */
		1C6DE74C1B43647C004094AE /* Main.storyboard */ = {
			isa = PBXVariantGroup;
			children = (
				1C6DE74D1B43647C004094AE /* Base */,
			);
			name = Main.storyboard;
			sourceTree = "<group>";
		};
		1C6DE7511B43647C004094AE /* LaunchScreen.xib */ = {
			isa = PBXVariantGroup;
			children = (
				1C6DE7521B43647C004094AE /* Base */,
			);
			name = LaunchScreen.xib;
			sourceTree = "<group>";
		};
/* End PBXVariantGroup section */

/* Begin XCBuildConfiguration section */
		1C6DE7601B43647C004094AE /* Debug */ = {
			isa = XCBuildConfiguration;
			buildSettings = {
				ALWAYS_SEARCH_USER_PATHS = NO;
				CLANG_CXX_LANGUAGE_STANDARD = "gnu++0x";
				CLANG_CXX_LIBRARY = "libc++";
				CLANG_ENABLE_MODULES = YES;
				CLANG_ENABLE_OBJC_ARC = YES;
				CLANG_WARN_BOOL_CONVERSION = YES;
				CLANG_WARN_CONSTANT_CONVERSION = YES;
				CLANG_WARN_DIRECT_OBJC_ISA_USAGE = YES_ERROR;
				CLANG_WARN_EMPTY_BODY = YES;
				CLANG_WARN_ENUM_CONVERSION = YES;
				CLANG_WARN_INT_CONVERSION = YES;
				CLANG_WARN_OBJC_ROOT_CLASS = YES_ERROR;
				CLANG_WARN_UNREACHABLE_CODE = YES;
				CLANG_WARN__DUPLICATE_METHOD_MATCH = YES;
				"CODE_SIGN_IDENTITY[sdk=iphoneos*]" = "iPhone Developer";
				COPY_PHASE_STRIP = NO;
				DEBUG_INFORMATION_FORMAT = "dwarf-with-dsym";
				ENABLE_STRICT_OBJC_MSGSEND = YES;
				GCC_C_LANGUAGE_STANDARD = gnu99;
				GCC_DYNAMIC_NO_PIC = NO;
				GCC_NO_COMMON_BLOCKS = YES;
				GCC_OPTIMIZATION_LEVEL = 0;
				GCC_PREPROCESSOR_DEFINITIONS = (
					"DEBUG=1",
					"$(inherited)",
				);
				GCC_SYMBOLS_PRIVATE_EXTERN = NO;
				GCC_WARN_64_TO_32_BIT_CONVERSION = YES;
				GCC_WARN_ABOUT_RETURN_TYPE = YES_ERROR;
				GCC_WARN_UNDECLARED_SELECTOR = YES;
				GCC_WARN_UNINITIALIZED_AUTOS = YES_AGGRESSIVE;
				GCC_WARN_UNUSED_FUNCTION = YES;
				GCC_WARN_UNUSED_VARIABLE = YES;
				IPHONEOS_DEPLOYMENT_TARGET = 8.3;
				MTL_ENABLE_DEBUG_INFO = YES;
				ONLY_ACTIVE_ARCH = YES;
				SDKROOT = iphoneos;
				TARGETED_DEVICE_FAMILY = "1,2";
			};
			name = Debug;
		};
		1C6DE7611B43647C004094AE /* Release */ = {
			isa = XCBuildConfiguration;
			buildSettings = {
				ALWAYS_SEARCH_USER_PATHS = NO;
				CLANG_CXX_LANGUAGE_STANDARD = "gnu++0x";
				CLANG_CXX_LIBRARY = "libc++";
				CLANG_ENABLE_MODULES = YES;
				CLANG_ENABLE_OBJC_ARC = YES;
				CLANG_WARN_BOOL_CONVERSION = YES;
				CLANG_WARN_CONSTANT_CONVERSION = YES;
				CLANG_WARN_DIRECT_OBJC_ISA_USAGE = YES_ERROR;
				CLANG_WARN_EMPTY_BODY = YES;
				CLANG_WARN_ENUM_CONVERSION = YES;
				CLANG_WARN_INT_CONVERSION = YES;
				CLANG_WARN_OBJC_ROOT_CLASS = YES_ERROR;
				CLANG_WARN_UNREACHABLE_CODE = YES;
				CLANG_WARN__DUPLICATE_METHOD_MATCH = YES;
				"CODE_SIGN_IDENTITY[sdk=iphoneos*]" = "iPhone Developer";
				COPY_PHASE_STRIP = NO;
				DEBUG_INFORMATION_FORMAT = "dwarf-with-dsym";
				ENABLE_NS_ASSERTIONS = NO;
				ENABLE_STRICT_OBJC_MSGSEND = YES;
				GCC_C_LANGUAGE_STANDARD = gnu99;
				GCC_NO_COMMON_BLOCKS = YES;
				GCC_WARN_64_TO_32_BIT_CONVERSION = YES;
				GCC_WARN_ABOUT_RETURN_TYPE = YES_ERROR;
				GCC_WARN_UNDECLARED_SELECTOR = YES;
				GCC_WARN_UNINITIALIZED_AUTOS = YES_AGGRESSIVE;
				GCC_WARN_UNUSED_FUNCTION = YES;
				GCC_WARN_UNUSED_VARIABLE = YES;
				IPHONEOS_DEPLOYMENT_TARGET = 8.3;
				MTL_ENABLE_DEBUG_INFO = NO;
				SDKROOT = iphoneos;
				TARGETED_DEVICE_FAMILY = "1,2";
				VALIDATE_PRODUCT = YES;
			};
			name = Release;
		};
		1C6DE7631B43647C004094AE /* Debug */ = {
			isa = XCBuildConfiguration;
			buildSettings = {
				ASSETCATALOG_COMPILER_APPICON_NAME = AppIcon;
				INFOPLIST_FILE = ParseBoilerPlateLogin/Info.plist;
				LD_RUNPATH_SEARCH_PATHS = "$(inherited) @executable_path/Frameworks";
				PRODUCT_NAME = "$(TARGET_NAME)";
			};
			name = Debug;
		};
		1C6DE7641B43647C004094AE /* Release */ = {
			isa = XCBuildConfiguration;
			buildSettings = {
				ASSETCATALOG_COMPILER_APPICON_NAME = AppIcon;
				INFOPLIST_FILE = ParseBoilerPlateLogin/Info.plist;
				LD_RUNPATH_SEARCH_PATHS = "$(inherited) @executable_path/Frameworks";
				PRODUCT_NAME = "$(TARGET_NAME)";
			};
			name = Release;
		};
		1C6DE7661B43647C004094AE /* Debug */ = {
			isa = XCBuildConfiguration;
			buildSettings = {
				BUNDLE_LOADER = "$(TEST_HOST)";
				FRAMEWORK_SEARCH_PATHS = (
					"$(SDKROOT)/Developer/Library/Frameworks",
					"$(inherited)",
				);
				GCC_PREPROCESSOR_DEFINITIONS = (
					"DEBUG=1",
					"$(inherited)",
				);
				INFOPLIST_FILE = ParseBoilerPlateLoginTests/Info.plist;
				LD_RUNPATH_SEARCH_PATHS = "$(inherited) @executable_path/Frameworks @loader_path/Frameworks";
				PRODUCT_NAME = "$(TARGET_NAME)";
				TEST_HOST = "$(BUILT_PRODUCTS_DIR)/ParseBoilerPlateLogin.app/ParseBoilerPlateLogin";
			};
			name = Debug;
		};
		1C6DE7671B43647C004094AE /* Release */ = {
			isa = XCBuildConfiguration;
			buildSettings = {
				BUNDLE_LOADER = "$(TEST_HOST)";
				FRAMEWORK_SEARCH_PATHS = (
					"$(SDKROOT)/Developer/Library/Frameworks",
					"$(inherited)",
				);
				INFOPLIST_FILE = ParseBoilerPlateLoginTests/Info.plist;
				LD_RUNPATH_SEARCH_PATHS = "$(inherited) @executable_path/Frameworks @loader_path/Frameworks";
				PRODUCT_NAME = "$(TARGET_NAME)";
				TEST_HOST = "$(BUILT_PRODUCTS_DIR)/ParseBoilerPlateLogin.app/ParseBoilerPlateLogin";
			};
			name = Release;
		};
/* End XCBuildConfiguration section */

/* Begin XCConfigurationList section */
		1C6DE73A1B43647B004094AE /* Build configuration list for PBXProject "ParseBoilerPlateLogin" */ = {
			isa = XCConfigurationList;
			buildConfigurations = (
				1C6DE7601B43647C004094AE /* Debug */,
				1C6DE7611B43647C004094AE /* Release */,
			);
			defaultConfigurationIsVisible = 0;
			defaultConfigurationName = Release;
		};
		1C6DE7621B43647C004094AE /* Build configuration list for PBXNativeTarget "ParseBoilerPlateLogin" */ = {
			isa = XCConfigurationList;
			buildConfigurations = (
				1C6DE7631B43647C004094AE /* Debug */,
				1C6DE7641B43647C004094AE /* Release */,
			);
			defaultConfigurationIsVisible = 0;
		};
		1C6DE7651B43647C004094AE /* Build configuration list for PBXNativeTarget "ParseBoilerPlateLoginTests" */ = {
			isa = XCConfigurationList;
			buildConfigurations = (
				1C6DE7661B43647C004094AE /* Debug */,
				1C6DE7671B43647C004094AE /* Release */,
			);
			defaultConfigurationIsVisible = 0;
		};
/* End XCConfigurationList section */
	};
	rootObject = 1C6DE7371B43647B004094AE /* Project object */;
}
